
Microsoft Visual Studio Solution File, Format Version 12.00
# Visual Studio Version 16
VisualStudioVersion = 16.0.30225.117
MinimumVisualStudioVersion = 10.0.40219.1
Project("{FAE04EC0-301F-11D3-BF4B-00C04F79EFBC}") = "Sales Management", "Sales Management\Sales Management.csproj", "{D56E8D03-88BF-4574-9B0F-8A22C734BFFA}"
EndProject
Global
	GlobalSection(SolutionConfigurationPlatforms) = preSolution
		Debug|Any CPU = Debug|Any CPU
		Release|Any CPU = Release|Any CPU
	EndGlobalSection
	GlobalSection(ProjectConfigurationPlatforms) = postSolution
		{D56E8D03-88BF-4574-9B0F-8A22C734BFFA}.Debug|Any CPU.ActiveCfg = Debug|Any CPU
		{D56E8D03-88BF-4574-9B0F-8A22C734BFFA}.Debug|Any CPU.Build.0 = Debug|Any CPU
		{D56E8D03-88BF-4574-9B0F-8A22C734BFFA}.Release|Any CPU.ActiveCfg = Release|Any CPU
		{D56E8D03-88BF-4574-9B0F-8A22C734BFFA}.Release|Any CPU.Build.0 = Release|Any CPU
	EndGlobalSection
	GlobalSection(SolutionProperties) = preSolution
		HideSolutionNode = FALSE
	EndGlobalSection
	GlobalSection(ExtensibilityGlobals) = postSolution
		SolutionGuid = {CC572660-685A-49F5-AAAA-E31384308A23}
	EndGlobalSection
EndGlobal
